Microsoft Visual Studio Solution File, Format Version 12.00
# Visual Studio Version 17
VisualStudioVersion = 17.5.2.0
MinimumVisualStudioVersion = 10.0.40219.1
Project("{FAE04EC0-301F-11D3-BF4B-00C04F79EFBC}") = "Hemy.Cli", "Hemy.Cli.csproj", "{882CF019-9D8F-3B10-3B1E-8D01B52746F7}"
EndProject
Global
	GlobalSection(SolutionConfigurationPlatforms) = preSolution
		Debug|Any CPU = Debug|Any CPU
		Release|Any CPU = Release|Any CPU
	EndGlobalSection
	GlobalSection(ProjectConfigurationPlatforms) = postSolution
		{882CF019-9D8F-3B10-3B1E-8D01B52746F7}.Debug|Any CPU.ActiveCfg = Debug|Any CPU
		{882CF019-9D8F-3B10-3B1E-8D01B52746F7}.Debug|Any CPU.Build.0 = Debug|Any CPU
		{882CF019-9D8F-3B10-3B1E-8D01B52746F7}.Release|Any CPU.ActiveCfg = Release|Any CPU
		{882CF019-9D8F-3B10-3B1E-8D01B52746F7}.Release|Any CPU.Build.0 = Release|Any CPU
	EndGlobalSection
	GlobalSection(SolutionProperties) = preSolution
		HideSolutionNode = FALSE
	EndGlobalSection
	GlobalSection(ExtensibilityGlobals) = postSolution
		SolutionGuid = {64CA7469-6D6D-4DE2-A814-4CFE7731F7CC}
	EndGlobalSection
EndGlobal
